
Microsoft Visual Studio Solution File, Format Version 12.00
# Visual Studio Version 17
VisualStudioVersion = 17.2.32630.192
MinimumVisualStudioVersion = 10.0.40219.1
Project("{9A19103F-16F7-4668-BE54-9A1E7A4F7556}") = "ProjektHund", "ProjektHund\ProjektHund.csproj", "{D0169107-63B9-4BCC-8A04-E2FDE34180D4}"
EndProject
Project("{2150E333-8FDC-42A3-9474-1A3956D46DE8}") = "UI-Layer", "UI-Layer", "{E7F42D6A-F044-4F57-8FB3-92D5ACF08478}"
EndProject
Global
	GlobalSection(SolutionConfigurationPlatforms) = preSolution
		Debug|Any CPU = Debug|Any CPU
		Release|Any CPU = Release|Any CPU
	EndGlobalSection
	GlobalSection(ProjectConfigurationPlatforms) = postSolution
		{D0169107-63B9-4BCC-8A04-E2FDE34180D4}.Debug|Any CPU.ActiveCfg = Debug|Any CPU
		{D0169107-63B9-4BCC-8A04-E2FDE34180D4}.Debug|Any CPU.Build.0 = Debug|Any CPU
		{D0169107-63B9-4BCC-8A04-E2FDE34180D4}.Release|Any CPU.ActiveCfg = Release|Any CPU
		{D0169107-63B9-4BCC-8A04-E2FDE34180D4}.Release|Any CPU.Build.0 = Release|Any CPU
	EndGlobalSection
	GlobalSection(SolutionProperties) = preSolution
		HideSolutionNode = FALSE
	EndGlobalSection
	GlobalSection(ExtensibilityGlobals) = postSolution
		SolutionGuid = {46A9CBD3-F341-4BBA-AA33-A5EB972F9B99}
	EndGlobalSection
EndGlobal
